
Microsoft Visual Studio Solution File, Format Version 12.00
# Visual Studio Version 16
VisualStudioVersion = 16.0.30804.86
MinimumVisualStudioVersion = 10.0.40219.1
Project("{9A19103F-16F7-4668-BE54-9A1E7A4F7556}") = "TcPlugin", "TcPlugin\TcPlugin.csproj", "{DFD091BF-DF2F-4A81-B7CA-044E62F1A0F6}"
EndProject
Project("{2150E333-8FDC-42A3-9474-1A3956D46DE8}") = "Solution Items", "Solution Items", "{EDF78A7E-8A74-4AC5-B70A-A74CEBEE642C}"
	ProjectSection(SolutionItems) = preProject
		LICENSE.txt = LICENSE.txt
		README.md = README.md
	EndProjectSection
EndProject
Global
	GlobalSection(SolutionConfigurationPlatforms) = preSolution
		Debug|Any CPU = Debug|Any CPU
		Release|Any CPU = Release|Any CPU
	EndGlobalSection
	GlobalSection(ProjectConfigurationPlatforms) = postSolution
		{DFD091BF-DF2F-4A81-B7CA-044E62F1A0F6}.Debug|Any CPU.ActiveCfg = Debug|Any CPU
		{DFD091BF-DF2F-4A81-B7CA-044E62F1A0F6}.Debug|Any CPU.Build.0 = Debug|Any CPU
		{DFD091BF-DF2F-4A81-B7CA-044E62F1A0F6}.Release|Any CPU.ActiveCfg = Release|Any CPU
		{DFD091BF-DF2F-4A81-B7CA-044E62F1A0F6}.Release|Any CPU.Build.0 = Release|Any CPU
	EndGlobalSection
	GlobalSection(SolutionProperties) = preSolution
		HideSolutionNode = FALSE
	EndGlobalSection
	GlobalSection(ExtensibilityGlobals) = postSolution
		SolutionGuid = {4DECBF9A-6335-4FFE-B95C-BD066862B38A}
	EndGlobalSection
EndGlobal
